
Microsoft Visual Studio Solution File, Format Version 12.00
# Visual Studio Version 17
VisualStudioVersion = 17.1.32414.318
MinimumVisualStudioVersion = 10.0.40219.1
Project("{9A19103F-16F7-4668-BE54-9A1E7A4F7556}") = "ProjectWeb", "ProjectWeb\ProjectWeb.csproj", "{B60CBED9-3F7D-46C9-84AE-D9088D1D7571}"
EndProject
Project("{FAE04EC0-301F-11D3-BF4B-00C04F79EFBC}") = "ProjectAPI", "ProjectAPI\ProjectAPI.csproj", "{7B521CE3-EAFF-4DC7-BCD0-4F6DEB35E2BB}"
EndProject
Global
	GlobalSection(SolutionConfigurationPlatforms) = preSolution
		Debug|Any CPU = Debug|Any CPU
		Release|Any CPU = Release|Any CPU
	EndGlobalSection
	GlobalSection(ProjectConfigurationPlatforms) = postSolution
		{B60CBED9-3F7D-46C9-84AE-D9088D1D7571}.Debug|Any CPU.ActiveCfg = Debug|Any CPU
		{B60CBED9-3F7D-46C9-84AE-D9088D1D7571}.Debug|Any CPU.Build.0 = Debug|Any CPU
		{B60CBED9-3F7D-46C9-84AE-D9088D1D7571}.Release|Any CPU.ActiveCfg = Release|Any CPU
		{B60CBED9-3F7D-46C9-84AE-D9088D1D7571}.Release|Any CPU.Build.0 = Release|Any CPU
		{7B521CE3-EAFF-4DC7-BCD0-4F6DEB35E2BB}.Debug|Any CPU.ActiveCfg = Debug|Any CPU
		{7B521CE3-EAFF-4DC7-BCD0-4F6DEB35E2BB}.Debug|Any CPU.Build.0 = Debug|Any CPU
		{7B521CE3-EAFF-4DC7-BCD0-4F6DEB35E2BB}.Release|Any CPU.ActiveCfg = Release|Any CPU
		{7B521CE3-EAFF-4DC7-BCD0-4F6DEB35E2BB}.Release|Any CPU.Build.0 = Release|Any CPU
	EndGlobalSection
	GlobalSection(SolutionProperties) = preSolution
		HideSolutionNode = FALSE
	EndGlobalSection
	GlobalSection(ExtensibilityGlobals) = postSolution
		SolutionGuid = {B1F52BF9-4E61-4F5B-A40E-CEB35A478840}
	EndGlobalSection
EndGlobal
